// !$*UTF8*$!
{
	archiveVersion = 1;
	classes = {
	};
	objectVersion = 46;
	objects = {

/* Begin PBXBuildFile section */
		33FFAF1E1D11617F004F9065 /* AppDelegate.swift in Sources */ = {isa = PBXBuildFile; fileRef = 33FFAF1D1D11617F004F9065 /* AppDelegate.swift */; };
		33FFAF201D11617F004F9065 /* ViewController.swift in Sources */ = {isa = PBXBuildFile; fileRef = 33FFAF1F1D11617F004F9065 /* ViewController.swift */; };
		33FFAF231D11617F004F9065 /* Main.storyboard in Resources */ = {isa = PBXBuildFile; fileRef = 33FFAF211D11617F004F9065 /* Main.storyboard */; };
		33FFAF251D11617F004F9065 /* Assets.xcassets in Resources */ = {isa = PBXBuildFile; fileRef = 33FFAF241D11617F004F9065 /* Assets.xcassets */; };
		33FFAF281D11617F004F9065 /* LaunchScreen.storyboard in Resources */ = {isa = PBXBuildFile; fileRef = 33FFAF261D11617F004F9065 /* LaunchScreen.storyboard */; };
/* End PBXBuildFile section */

/* Begin PBXFileReference section */
		33FFAF1A1D11617F004F9065 /* ScanQRCode-swift.app */ = {isa = PBXFileReference; explicitFileType = wrapper.application; includeInIndex = 0; path = "ScanQRCode-swift.app"; sourceTree = BUILT_PRODUCTS_DIR; };
		33FFAF1D1D11617F004F9065 /* AppDelegate.swift */ = {isa = PBXFileReference; lastKnownFileType = sourcecode.swift; path = AppDelegate.swift; sourceTree = "<group>"; };
		33FFAF1F1D11617F004F9065 /* ViewController.swift */ = {isa = PBXFileReference; lastKnownFileType = sourcecode.swift; path = ViewController.swift; sourceTree = "<group>"; };
		33FFAF221D11617F004F9065 /* Base */ = {isa = PBXFileReference; lastKnownFileType = file.storyboard; name = Base; path = Base.lproj/Main.storyboard; sourceTree = "<group>"; };
		33FFAF241D11617F004F9065 /* Assets.xcassets */ = {isa = PBXFileReference; lastKnownFileType = folder.assetcatalog; path = Assets.xcassets; sourceTree = "<group>"; };
		33FFAF271D11617F004F9065 /* Base */ = {isa = PBXFileReference; lastKnownFileType = file.storyboard; name = Base; path = Base.lproj/LaunchScreen.storyboard; sourceTree = "<group>"; };
		33FFAF291D11617F004F9065 /* Info.plist */ = {isa = PBXFileReference; lastKnownFileType = text.plist.xml; path = Info.plist; sourceTree = "<group>"; };
/* End PBXFileReference section */

/* Begin PBXFrameworksBuildPhase section */
		33FFAF171D11617F004F9065 /* Frameworks */ = {
			isa = PBXFrameworksBuildPhase;
			buildActionMask = 2147483647;
			files = (
			);
			runOnlyForDeploymentPostprocessing = 0;
		};
/* End PBXFrameworksBuildPhase section */

/* Begin PBXGroup section */
		33FFAF111D11617F004F9065 = {
			isa = PBXGroup;
			children = (
				33FFAF1C1D11617F004F9065 /* ScanQRCode-swift */,
				33FFAF1B1D11617F004F9065 /* Products */,
			);
			sourceTree = "<group>";
		};
		33FFAF1B1D11617F004F9065 /* Products */ = {
			isa = PBXGroup;
			children = (
				33FFAF1A1D11617F004F9065 /* ScanQRCode-swift.app */,
			);
			name = Products;
			sourceTree = "<group>";
		};
		33FFAF1C1D11617F004F9065 /* ScanQRCode-swift */ = {
			isa = PBXGroup;
			children = (
				33FFAF1D1D11617F004F9065 /* AppDelegate.swift */,
				33FFAF1F1D11617F004F9065 /* ViewController.swift */,
				33FFAF211D11617F004F9065 /* Main.storyboard */,
				33FFAF241D11617F004F9065 /* Assets.xcassets */,
				33FFAF261D11617F004F9065 /* LaunchScreen.storyboard */,
				33FFAF291D11617F004F9065 /* Info.plist */,
			);
			path = "ScanQRCode-swift";
			sourceTree = "<group>";
		};
/* End PBXGroup section */

/* Begin PBXNativeTarget section */
		33FFAF191D11617F004F9065 /* ScanQRCode-swift */ = {
			isa = PBXNativeTarget;
			buildConfigurationList = 33FFAF2C1D11617F004F9065 /* Build configuration list for PBXNativeTarget "ScanQRCode-swift" */;
			buildPhases = (
				33FFAF161D11617F004F9065 /* Sources */,
				33FFAF171D11617F004F9065 /* Frameworks */,
				33FFAF181D11617F004F9065 /* Resources */,
			);
			buildRules = (
			);
			dependencies = (
			);
			name = "ScanQRCode-swift";
			productName = "ScanQRCode-swift";
			productReference = 33FFAF1A1D11617F004F9065 /* ScanQRCode-swift.app */;
			productType = "com.apple.product-type.application";
		};
/* End PBXNativeTarget section */

/* Begin PBXProject section */
		33FFAF121D11617F004F9065 /* Project object */ = {
			isa = PBXProject;
			attributes = {
				LastSwiftUpdateCheck = 0730;
				LastUpgradeCheck = 0730;
				ORGANIZATIONNAME = "Han Chen";
				TargetAttributes = {
					33FFAF191D11617F004F9065 = {
						CreatedOnToolsVersion = 7.3.1;
					};
				};
			};
			buildConfigurationList = 33FFAF151D11617F004F9065 /* Build configuration list for PBXProject "ScanQRCode-swift" */;
			compatibilityVersion = "Xcode 3.2";
			developmentRegion = English;
			hasScannedForEncodings = 0;
			knownRegions = (
				en,
				Base,
			);
			mainGroup = 33FFAF111D11617F004F9065;
			productRefGroup = 33FFAF1B1D11617F004F9065 /* Products */;
			projectDirPath = "";
			projectRoot = "";
			targets = (
				33FFAF191D11617F004F9065 /* ScanQRCode-swift */,
			);
		};
/* End PBXProject section */

/* Begin PBXResourcesBuildPhase section */
		33FFAF181D11617F004F9065 /* Resources */ = {
			isa = PBXResourcesBuildPhase;
			buildActionMask = 2147483647;
			files = (
				33FFAF281D11617F004F9065 /* LaunchScreen.storyboard in Resources */,
				33FFAF251D11617F004F9065 /* Assets.xcassets in Resources */,
				33FFAF231D11617F004F9065 /* Main.storyboard in Resources */,
			);
			runOnlyForDeploymentPostprocessing = 0;
		};
/* End PBXResourcesBuildPhase section */

/* Begin PBXSourcesBuildPhase section */
		33FFAF161D11617F004F9065 /* Sources */ = {
			isa = PBXSourcesBuildPhase;
			buildActionMask = 2147483647;
			files = (
				33FFAF201D11617F004F9065 /* ViewController.swift in Sources */,
				33FFAF1E1D11617F004F9065 /* AppDelegate.swift in Sources */,
			);
			runOnlyForDeploymentPostprocessing = 0;
		};
/* End PBXSourcesBuildPhase section */

/* Begin PBXVariantGroup section */
		33FFAF211D11617F004F9065 /* Main.storyboard */ = {
			isa = PBXVariantGroup;
			children = (
				33FFAF221D11617F004F9065 /* Base */,
			);
			name = Main.storyboard;
			sourceTree = "<group>";
		};
		33FFAF261D11617F004F9065 /* LaunchScreen.storyboard */ = {
			isa = PBXVariantGroup;
			children = (
				33FFAF271D11617F004F9065 /* Base */,
			);
			name = LaunchScreen.storyboard;
			sourceTree = "<group>";
		};
/* End PBXVariantGroup section */

/* Begin XCBuildConfiguration section */
		33FFAF2A1D11617F004F9065 /* Debug */ = {
			isa = XCBuildConfiguration;
			buildSettings = {
				ALWAYS_SEARCH_USER_PATHS = NO;
				CLANG_ANALYZER_NONNULL = YES;
				CLANG_CXX_LANGUAGE_STANDARD = "gnu++0x";
				CLANG_CXX_LIBRARY = "libc++";
				CLANG_ENABLE_MODULES = YES;
				CLANG_ENABLE_OBJC_ARC = YES;
				CLANG_WARN_BOOL_CONVERSION = YES;
				CLANG_WARN_CONSTANT_CONVERSION = YES;
				CLANG_WARN_DIRECT_OBJC_ISA_USAGE = YES_ERROR;
				CLANG_WARN_EMPTY_BODY = YES;
				CLANG_WARN_ENUM_CONVERSION = YES;
				CLANG_WARN_INT_CONVERSION = YES;
				CLANG_WARN_OBJC_ROOT_CLASS = YES_ERROR;
				CLANG_WARN_UNREACHABLE_CODE = YES;
				CLANG_WARN__DUPLICATE_METHOD_MATCH = YES;
				"CODE_SIGN_IDENTITY[sdk=iphoneos*]" = "iPhone Developer";
				COPY_PHASE_STRIP = NO;
				DEBUG_INFORMATION_FORMAT = dwarf;
				ENABLE_STRICT_OBJC_MSGSEND = YES;
				ENABLE_TESTABILITY = YES;
				GCC_C_LANGUAGE_STANDARD = gnu99;
				GCC_DYNAMIC_NO_PIC = NO;
				GCC_NO_COMMON_BLOCKS = YES;
				GCC_OPTIMIZATION_LEVEL = 0;
				GCC_PREPROCESSOR_DEFINITIONS = (
					"DEBUG=1",
					"$(inherited)",
				);
				GCC_WARN_64_TO_32_BIT_CONVERSION = YES;
				GCC_WARN_ABOUT_RETURN_TYPE = YES_ERROR;
				GCC_WARN_UNDECLARED_SELECTOR = YES;
				GCC_WARN_UNINITIALIZED_AUTOS = YES_AGGRESSIVE;
				GCC_WARN_UNUSED_FUNCTION = YES;
				GCC_WARN_UNUSED_VARIABLE = YES;
				IPHONEOS_DEPLOYMENT_TARGET = 9.3;
				MTL_ENABLE_DEBUG_INFO = YES;
				ONLY_ACTIVE_ARCH = YES;
				SDKROOT = iphoneos;
				SWIFT_OPTIMIZATION_LEVEL = "-Onone";
				TARGETED_DEVICE_FAMILY = "1,2";
			};
			name = Debug;
		};
		33FFAF2B1D11617F004F9065 /* Release */ = {
			isa = XCBuildConfiguration;
			buildSettings = {
				ALWAYS_SEARCH_USER_PATHS = NO;
				CLANG_ANALYZER_NONNULL = YES;
				CLANG_CXX_LANGUAGE_STANDARD = "gnu++0x";
				CLANG_CXX_LIBRARY = "libc++";
				CLANG_ENABLE_MODULES = YES;
				CLANG_ENABLE_OBJC_ARC = YES;
				CLANG_WARN_BOOL_CONVERSION = YES;
				CLANG_WARN_CONSTANT_CONVERSION = YES;
				CLANG_WARN_DIRECT_OBJC_ISA_USAGE = YES_ERROR;
				CLANG_WARN_EMPTY_BODY = YES;
				CLANG_WARN_ENUM_CONVERSION = YES;
				CLANG_WARN_INT_CONVERSION = YES;
				CLANG_WARN_OBJC_ROOT_CLASS = YES_ERROR;
				CLANG_WARN_UNREACHABLE_CODE = YES;
				CLANG_WARN__DUPLICATE_METHOD_MATCH = YES;
				"CODE_SIGN_IDENTITY[sdk=iphoneos*]" = "iPhone Developer";
				COPY_PHASE_STRIP = NO;
				DEBUG_INFORMATION_FORMAT = "dwarf-with-dsym";
				ENABLE_NS_ASSERTIONS = NO;
				ENABLE_STRICT_OBJC_MSGSEND = YES;
				GCC_C_LANGUAGE_STANDARD = gnu99;
				GCC_NO_COMMON_BLOCKS = YES;
				GCC_WARN_64_TO_32_BIT_CONVERSION = YES;
				GCC_WARN_ABOUT_RETURN_TYPE = YES_ERROR;
				GCC_WARN_UNDECLARED_SELECTOR = YES;
				GCC_WARN_UNINITIALIZED_AUTOS = YES_AGGRESSIVE;
				GCC_WARN_UNUSED_FUNCTION = YES;
				GCC_WARN_UNUSED_VARIABLE = YES;
				IPHONEOS_DEPLOYMENT_TARGET = 9.3;
				MTL_ENABLE_DEBUG_INFO = NO;
				SDKROOT = iphoneos;
				TARGETED_DEVICE_FAMILY = "1,2";
				VALIDATE_PRODUCT = YES;
			};
			name = Release;
		};
		33FFAF2D1D11617F004F9065 /* Debug */ = {
			isa = XCBuildConfiguration;
			buildSettings = {
				ASSETCATALOG_COMPILER_APPICON_NAME = AppIcon;
				INFOPLIST_FILE = "ScanQRCode-swift/Info.plist";
				LD_RUNPATH_SEARCH_PATHS = "$(inherited) @executable_path/Frameworks";
				PRODUCT_BUNDLE_IDENTIFIER = "com.cshan.ScanQRCode-swift";
				PRODUCT_NAME = "$(TARGET_NAME)";
			};
			name = Debug;
		};
		33FFAF2E1D11617F004F9065 /* Release */ = {
			isa = XCBuildConfiguration;
			buildSettings = {
				ASSETCATALOG_COMPILER_APPICON_NAME = AppIcon;
				INFOPLIST_FILE = "ScanQRCode-swift/Info.plist";
				LD_RUNPATH_SEARCH_PATHS = "$(inherited) @executable_path/Frameworks";
				PRODUCT_BUNDLE_IDENTIFIER = "com.cshan.ScanQRCode-swift";
				PRODUCT_NAME = "$(TARGET_NAME)";
			};
			name = Release;
		};
/* End XCBuildConfiguration section */

/* Begin XCConfigurationList section */
		33FFAF151D11617F004F9065 /* Build configuration list for PBXProject "ScanQRCode-swift" */ = {
			isa = XCConfigurationList;
			buildConfigurations = (
				33FFAF2A1D11617F004F9065 /* Debug */,
				33FFAF2B1D11617F004F9065 /* Release */,
			);
			defaultConfigurationIsVisible = 0;
			defaultConfigurationName = Release;
		};
		33FFAF2C1D11617F004F9065 /* Build configuration list for PBXNativeTarget "ScanQRCode-swift" */ = {
			isa = XCConfigurationList;
			buildConfigurations = (
				33FFAF2D1D11617F004F9065 /* Debug */,
				33FFAF2E1D11617F004F9065 /* Release */,
			);
			defaultConfigurationIsVisible = 0;
		};
/* End XCConfigurationList section */
	};
	rootObject = 33FFAF121D11617F004F9065 /* Project object */;
}
